
Microsoft Visual Studio Solution File, Format Version 12.00
# Visual Studio 15
VisualStudioVersion = 15.0.27703.2042
MinimumVisualStudioVersion = 10.0.40219.1
Project("{FAE04EC0-301F-11D3-BF4B-00C04F79EFBC}") = "epwVisualiser", "epwVisualiser\epwVisualiser.csproj", "{ADDD3F93-70D1-4A8F-96F4-6229BA6A679C}"
EndProject
Global
	GlobalSection(SolutionConfigurationPlatforms) = preSolution
		Debug|Any CPU = Debug|Any CPU
		Release|Any CPU = Release|Any CPU
	EndGlobalSection
	GlobalSection(ProjectConfigurationPlatforms) = postSolution
		{ADDD3F93-70D1-4A8F-96F4-6229BA6A679C}.Debug|Any CPU.ActiveCfg = Debug|Any CPU
		{ADDD3F93-70D1-4A8F-96F4-6229BA6A679C}.Debug|Any CPU.Build.0 = Debug|Any CPU
		{ADDD3F93-70D1-4A8F-96F4-6229BA6A679C}.Release|Any CPU.ActiveCfg = Release|Any CPU
		{ADDD3F93-70D1-4A8F-96F4-6229BA6A679C}.Release|Any CPU.Build.0 = Release|Any CPU
	EndGlobalSection
	GlobalSection(SolutionProperties) = preSolution
		HideSolutionNode = FALSE
	EndGlobalSection
	GlobalSection(ExtensibilityGlobals) = postSolution
		SolutionGuid = {26687354-0E51-4F96-B712-8D8420E6538F}
	EndGlobalSection
EndGlobal
